{
  "name": "@wonderlandengine/components",
  "version": "0.8.11",
  "lockfileVersion": 1,
  "requires": true,
  "dependencies": {
    "esbuild": {
      "version": "0.11.21",
      "resolved": "https://registry.npmjs.org/esbuild/-/esbuild-0.11.21.tgz",
      "integrity": "sha512-FqpYdJqiTeLDbj3vqxc/fG8UmHIEvQrDaUxSw1oJf4giLd/tnMDUUlXellCjOab7qGKQ5hUFD5eQgmO+tkZeow==",
      "dev": true
    },
    "gl-matrix": {
      "version": "3.3.0",
      "resolved": "https://registry.npmjs.org/gl-matrix/-/gl-matrix-3.3.0.tgz",
      "integrity": "sha512-COb7LDz+SXaHtl/h4LeaFcNdJdAQSDeVqjiIihSXNrkWObZLhDI4hIkZC11Aeqp7bcE72clzB0BnDXr2SmslRA=="
    },
    "howler": {
      "version": "2.2.1",
      "resolved": "https://registry.npmjs.org/howler/-/howler-2.2.1.tgz",
      "integrity": "sha512-0iIXvuBO/81CcrQ/HSSweYmbT50fT2mIc9XMFb+kxIfk2pW/iKzDbX1n3fZmDXMEIpYvyyfrB+gXwPYSDqUxIQ=="
    }
  }
}
